# This file was autogenerated by Stack.
# You should not edit this file by hand.
# For more information, please see the documentation at:
#   https://docs.haskellstack.org/en/stable/topics/lock_files

packages:
- completed:
    hackage: hmatrix-gsl-0.19.0.1@sha256:da2329e40e385d27ea0b9c00f47fc0085bf01ae48974a6cc162600b8cbe38012,3003
    pantry-tree:
      sha256: facb0aee1e58c3b88d3597d0efc332fb0fc96afd8f77fbf817bcecb414829e6b
      size: 1447
  original:
    hackage: hmatrix-gsl-0.19.0.1
snapshots:
- completed:
    sha256: f9f775487e1678844b9f031919ed508a88097aa883002a970d3cd6fc6308b5d2
    size: 732679
    url: https://raw.githubusercontent.com/commercialhaskell/stackage-snapshots/master/lts/24/50.yaml
  original: lts-24.50
